{
  "version": 4,
  "terraform_version": "1.1.9",
  "serial": 15,
  "lineage": "ea381fae-b59f-8dde-c619-185304c1b283",
  "outputs": {
    "droplet_ip_address": {
      "value": "188.166.217.128",
      "type": "string"
    }
  },
  "resources": [
    {
      "mode": "data",
      "type": "digitalocean_ssh_key",
      "name": "terraform",
      "provider": "provider[\"registry.terraform.io/digitalocean/digitalocean\"]",
      "instances": [
        {
          "schema_version": 0,
          "attributes": {
            "fingerprint": "6b:8f:ce:66:d1:25:20:5e:26:73:63:35:4c:9f:de:01",
            "id": 34453300,
            "name": "mufid",
            "public_key": "ssh-rsa AAAAB3NzaC1yc2EAAAADAQABAAABgQDpi/UpXtW11LwtB2ZONLBGWS4KjcAUB/5EQuSjiKHQ83rKwucQnBRQkn1f2rZNYpsL2MhtutgyQAAwVuOyWeZ532LOw2jFCUr8FVWLyQBqUuR5lcLJpEyZDfVXYVUr2FXJCwBL0LtjhwenDuKsjLLakIr1JFxB3/rE9CKfyJ+4ugqnWFDDTHVm3N/77bSZDmJnxI9dW/9MvOQb5B/TcIVtM/FphJwerhyQtq7bkfPf5gEPFttETXDzDOZab5YEdIzwMAj/VMlkNmpQSSbW/oYSzMZPvlydBnIMwz7lDk2QveHbRvb1nrpt3ZEuJw4nQE60mtYWqRI111iAUAQvwn+4w4ZLINNvbk3UQnA3Vap/ED1F/cdkk6qtJsZ6Xoqw1dMmNAwO6GAB3Hb+45ySn7lqCbKnnCke9DCj+JEeY4t9EnWg7hPoc7n9PbNCJra4ZSAtg1RgGe85WTXbXrhyys8ZZUQAp2STPSPPFANLAmNTksBCSPFcOzx/Q67jgtSz/HE= nurmufid@macbook.local"
          },
          "sensitive_attributes": []
        }
      ]
    },
    {
      "mode": "managed",
      "type": "digitalocean_droplet",
      "name": "sharecar",
      "provider": "provider[\"registry.terraform.io/digitalocean/digitalocean\"]",
      "instances": [
        {
          "schema_version": 1,
          "attributes": {
            "backups": false,
            "created_at": "2022-06-09T13:54:52Z",
            "disk": 60,
            "droplet_agent": null,
            "graceful_shutdown": false,
            "id": "303422244",
            "image": "centos-stream-8-x64",
            "ipv4_address": "188.166.217.128",
            "ipv4_address_private": "10.130.145.66",
            "ipv6": true,
            "ipv6_address": "2400:6180:0:d0::1217:1001",
            "locked": false,
            "memory": 2048,
            "monitoring": true,
            "name": "sharecar.co.id",
            "price_hourly": 0.02232,
            "price_monthly": 15,
            "private_networking": true,
            "region": "sgp1",
            "resize_disk": true,
            "size": "s-2vcpu-2gb",
            "ssh_keys": [
              "34453300"
            ],
            "status": "active",
            "tags": [
              "client",
              "mufid"
            ],
            "urn": "do:droplet:303422244",
            "user_data": null,
            "vcpus": 2,
            "volume_ids": [],
            "vpc_uuid": "280a75ce-dc83-11e8-beb4-3cfdfea9fb81"
          },
          "sensitive_attributes": [],
          "private": "eyJzY2hlbWFfdmVyc2lvbiI6IjEifQ==",
          "dependencies": [
            "data.digitalocean_ssh_key.terraform"
          ]
        }
      ]
    },
    {
      "mode": "managed",
      "type": "digitalocean_firewall",
      "name": "sharecar-fw",
      "provider": "provider[\"registry.terraform.io/digitalocean/digitalocean\"]",
      "instances": [
        {
          "index_key": 0,
          "schema_version": 0,
          "attributes": {
            "created_at": "2022-06-09T13:54:52Z",
            "droplet_ids": null,
            "id": "c1e33bca-1499-4762-ad12-dc7039bdbc71",
            "inbound_rule": [
              {
                "port_range": "22",
                "protocol": "tcp",
                "source_addresses": [
                  "0.0.0.0/0",
                  "::/0"
                ],
                "source_droplet_ids": [],
                "source_kubernetes_ids": [],
                "source_load_balancer_uids": [],
                "source_tags": []
              },
              {
                "port_range": "3000",
                "protocol": "tcp",
                "source_addresses": [
                  "188.166.184.204/32"
                ],
                "source_droplet_ids": [],
                "source_kubernetes_ids": [],
                "source_load_balancer_uids": [],
                "source_tags": []
              },
              {
                "port_range": "4000",
                "protocol": "tcp",
                "source_addresses": [
                  "188.166.184.204/32"
                ],
                "source_droplet_ids": [],
                "source_kubernetes_ids": [],
                "source_load_balancer_uids": [],
                "source_tags": []
              },
              {
                "port_range": "8000",
                "protocol": "tcp",
                "source_addresses": [
                  "188.166.184.204/32"
                ],
                "source_droplet_ids": [],
                "source_kubernetes_ids": [],
                "source_load_balancer_uids": [],
                "source_tags": []
              }
            ],
            "name": "sharecar-fw",
            "outbound_rule": [
              {
                "destination_addresses": [
                  "0.0.0.0/0",
                  "::/0"
                ],
                "destination_droplet_ids": [],
                "destination_kubernetes_ids": [],
                "destination_load_balancer_uids": [],
                "destination_tags": [],
                "port_range": "",
                "protocol": "icmp"
              },
              {
                "destination_addresses": [
                  "0.0.0.0/0",
                  "::/0"
                ],
                "destination_droplet_ids": [],
                "destination_kubernetes_ids": [],
                "destination_load_balancer_uids": [],
                "destination_tags": [],
                "port_range": "all",
                "protocol": "tcp"
              },
              {
                "destination_addresses": [
                  "0.0.0.0/0",
                  "::/0"
                ],
                "destination_droplet_ids": [],
                "destination_kubernetes_ids": [],
                "destination_load_balancer_uids": [],
                "destination_tags": [],
                "port_range": "all",
                "protocol": "udp"
              }
            ],
            "pending_changes": [],
            "status": "succeeded",
            "tags": null
          },
          "sensitive_attributes": [],
          "private": "bnVsbA=="
        }
      ]
    }
  ]
}
